
Microsoft Visual Studio Solution File, Format Version 12.00
# Visual Studio Version 16
VisualStudioVersion = 16.0.33328.57
MinimumVisualStudioVersion = 10.0.40219.1
Project("{FAE04EC0-301F-11D3-BF4B-00C04F79EFBC}") = "MediaPlayer", "MediaPlayer.csproj", "{4F67C130-0A2A-4BF1-84A3-42F4A5B72F1A}"
EndProject
Global
	GlobalSection(SolutionConfigurationPlatforms) = preSolution
		Debug|Any CPU = Debug|Any CPU
		Release|Any CPU = Release|Any CPU
	EndGlobalSection
	GlobalSection(ProjectConfigurationPlatforms) = postSolution
		{4F67C130-0A2A-4BF1-84A3-42F4A5B72F1A}.Debug|Any CPU.ActiveCfg = Debug|Any CPU
		{4F67C130-0A2A-4BF1-84A3-42F4A5B72F1A}.Debug|Any CPU.Build.0 = Debug|Any CPU
		{4F67C130-0A2A-4BF1-84A3-42F4A5B72F1A}.Release|Any CPU.ActiveCfg = Release|Any CPU
		{4F67C130-0A2A-4BF1-84A3-42F4A5B72F1A}.Release|Any CPU.Build.0 = Release|Any CPU
	EndGlobalSection
	GlobalSection(SolutionProperties) = preSolution
		HideSolutionNode = FALSE
	EndGlobalSection
	GlobalSection(ExtensibilityGlobals) = postSolution
		SolutionGuid = {E800B443-59C3-4821-908F-1FD6032D1EDC}
	EndGlobalSection
EndGlobal
